
Microsoft Visual Studio Solution File, Format Version 12.00
Project("{FAE04EC0-301F-11D3-BF4B-00C04F79EFBC}") = "XLSToCSV", "XLSToCSV\XLSToCSV.csproj", "{8ECF8EE0-E626-4338-9306-B0986F885608}"
EndProject
Project("{2150E333-8FDC-42A3-9474-1A3956D46DE8}") = "GIT", "GIT", "{D7302CFE-E3D9-44EF-A1B2-86B61D132E65}"
ProjectSection(SolutionItems) = preProject
	.gitignore = .gitignore
EndProjectSection
EndProject
Global
	GlobalSection(SolutionConfigurationPlatforms) = preSolution
		Debug|Any CPU = Debug|Any CPU
		Release|Any CPU = Release|Any CPU
	EndGlobalSection
	GlobalSection(ProjectConfigurationPlatforms) = postSolution
		{8ECF8EE0-E626-4338-9306-B0986F885608}.Debug|Any CPU.ActiveCfg = Debug|Any CPU
		{8ECF8EE0-E626-4338-9306-B0986F885608}.Debug|Any CPU.Build.0 = Debug|Any CPU
		{8ECF8EE0-E626-4338-9306-B0986F885608}.Release|Any CPU.ActiveCfg = Release|Any CPU
		{8ECF8EE0-E626-4338-9306-B0986F885608}.Release|Any CPU.Build.0 = Release|Any CPU
	EndGlobalSection
EndGlobal
